{
  "requires": true,
  "lockfileVersion": 1,
  "dependencies": {
    "@assemblyscript/loader": {
      "version": "0.14.8",
      "resolved": "https://registry.npmjs.org/@assemblyscript/loader/-/loader-0.14.8.tgz",
      "integrity": "sha512-3LGkK2pojdCpxgb2jWgMMmXx65hGqCl2fPvtvAn0FFmROCL/wQa7W7o/aWppSBf7CtSPSPx/ANOavznQUDJX8g=="
    },
    "@solo-io/proxy-runtime": {
      "version": "github:yskopets/proxy-runtime#bd0b3783bba4283a9cb7c77f2511f8fea635f8ab",
      "from": "github:yskopets/proxy-runtime#feature/assemblyscript-0-14"
    },
    "assemblyscript": {
      "version": "0.14.8",
      "resolved": "https://registry.npmjs.org/assemblyscript/-/assemblyscript-0.14.8.tgz",
      "integrity": "sha512-a8qQ1MWpebqHQvZFdg7rjp+mIlAJKGDivNFOmKUfu5B8u2deNTBhg3xOrp7Ka3irg+zAmGK3JcpJ+ZofqnebqQ==",
      "dev": true,
      "requires": {
        "binaryen": "95.0.0-nightly.20200723",
        "long": "^4.0.0"
      }
    },
    "binaryen": {
      "version": "95.0.0-nightly.20200723",
      "resolved": "https://registry.npmjs.org/binaryen/-/binaryen-95.0.0-nightly.20200723.tgz",
      "integrity": "sha512-IUO89yU4l20ocuf7RvcBj2T1ZGafO0XNcbqTFne9Dbp63FOLafDSuV7U22n0bTbK4H6qqGogTQtQJQbrV054lQ==",
      "dev": true
    },
    "long": {
      "version": "4.0.0",
      "resolved": "https://registry.npmjs.org/long/-/long-4.0.0.tgz",
      "integrity": "sha512-XsP+KhQif4bjX1kbuSiySJFNAehNxgLb6hPRGJ9QsUr8ajHkuXGdrHmFUTUUXhDwVX2R5bY4JNZEwbUiMhV+MA==",
      "dev": true
    }
  }
}
